
Microsoft Visual Studio Solution File, Format Version 12.00
# Visual Studio Version 17
VisualStudioVersion = 17.2.32630.192
MinimumVisualStudioVersion = 10.0.40219.1
Project("{FAE04EC0-301F-11D3-BF4B-00C04F79EFBC}") = "ServiceProvider", "ServiceProvider\ServiceProvider.csproj", "{38E82297-77B1-49F2-B595-E814104E0A51}"
EndProject
Project("{FAE04EC0-301F-11D3-BF4B-00C04F79EFBC}") = "Authenticator", "Authenticator\Authenticator.csproj", "{0A11B32F-E362-49C5-9ACE-A56F68B826C7}"
EndProject
Project("{FAE04EC0-301F-11D3-BF4B-00C04F79EFBC}") = "RegistryProj", "RegistryProj\RegistryProj.csproj", "{BD14D1F5-8974-4D95-8B92-73B41CD79B26}"
EndProject
Project("{FAE04EC0-301F-11D3-BF4B-00C04F79EFBC}") = "AuthInterface", "AuthInterface\AuthInterface.csproj", "{C76EDDC0-8624-4BB7-A6FA-590EC66CBE01}"
EndProject
Project("{FAE04EC0-301F-11D3-BF4B-00C04F79EFBC}") = "ServicePublisher", "ServicePublisher\ServicePublisher.csproj", "{9A7B0FF9-0480-465B-8619-1B54204512F4}"
EndProject
Project("{FAE04EC0-301F-11D3-BF4B-00C04F79EFBC}") = "ClientApp", "ClientApp\ClientApp.csproj", "{F8A03FE0-91C5-47C3-8B88-4E7228F66C93}"
EndProject
Global
	GlobalSection(SolutionConfigurationPlatforms) = preSolution
		Debug|Any CPU = Debug|Any CPU
		Release|Any CPU = Release|Any CPU
	EndGlobalSection
	GlobalSection(ProjectConfigurationPlatforms) = postSolution
		{38E82297-77B1-49F2-B595-E814104E0A51}.Debug|Any CPU.ActiveCfg = Debug|Any CPU
		{38E82297-77B1-49F2-B595-E814104E0A51}.Debug|Any CPU.Build.0 = Debug|Any CPU
		{38E82297-77B1-49F2-B595-E814104E0A51}.Release|Any CPU.ActiveCfg = Release|Any CPU
		{38E82297-77B1-49F2-B595-E814104E0A51}.Release|Any CPU.Build.0 = Release|Any CPU
		{0A11B32F-E362-49C5-9ACE-A56F68B826C7}.Debug|Any CPU.ActiveCfg = Debug|Any CPU
		{0A11B32F-E362-49C5-9ACE-A56F68B826C7}.Debug|Any CPU.Build.0 = Debug|Any CPU
		{0A11B32F-E362-49C5-9ACE-A56F68B826C7}.Release|Any CPU.ActiveCfg = Release|Any CPU
		{0A11B32F-E362-49C5-9ACE-A56F68B826C7}.Release|Any CPU.Build.0 = Release|Any CPU
		{BD14D1F5-8974-4D95-8B92-73B41CD79B26}.Debug|Any CPU.ActiveCfg = Debug|Any CPU
		{BD14D1F5-8974-4D95-8B92-73B41CD79B26}.Debug|Any CPU.Build.0 = Debug|Any CPU
		{BD14D1F5-8974-4D95-8B92-73B41CD79B26}.Release|Any CPU.ActiveCfg = Release|Any CPU
		{BD14D1F5-8974-4D95-8B92-73B41CD79B26}.Release|Any CPU.Build.0 = Release|Any CPU
		{C76EDDC0-8624-4BB7-A6FA-590EC66CBE01}.Debug|Any CPU.ActiveCfg = Debug|Any CPU
		{C76EDDC0-8624-4BB7-A6FA-590EC66CBE01}.Debug|Any CPU.Build.0 = Debug|Any CPU
		{C76EDDC0-8624-4BB7-A6FA-590EC66CBE01}.Release|Any CPU.ActiveCfg = Release|Any CPU
		{C76EDDC0-8624-4BB7-A6FA-590EC66CBE01}.Release|Any CPU.Build.0 = Release|Any CPU
		{9A7B0FF9-0480-465B-8619-1B54204512F4}.Debug|Any CPU.ActiveCfg = Debug|Any CPU
		{9A7B0FF9-0480-465B-8619-1B54204512F4}.Debug|Any CPU.Build.0 = Debug|Any CPU
		{9A7B0FF9-0480-465B-8619-1B54204512F4}.Release|Any CPU.ActiveCfg = Release|Any CPU
		{9A7B0FF9-0480-465B-8619-1B54204512F4}.Release|Any CPU.Build.0 = Release|Any CPU
		{F8A03FE0-91C5-47C3-8B88-4E7228F66C93}.Debug|Any CPU.ActiveCfg = Debug|Any CPU
		{F8A03FE0-91C5-47C3-8B88-4E7228F66C93}.Debug|Any CPU.Build.0 = Debug|Any CPU
		{F8A03FE0-91C5-47C3-8B88-4E7228F66C93}.Release|Any CPU.ActiveCfg = Release|Any CPU
		{F8A03FE0-91C5-47C3-8B88-4E7228F66C93}.Release|Any CPU.Build.0 = Release|Any CPU
	EndGlobalSection
	GlobalSection(SolutionProperties) = preSolution
		HideSolutionNode = FALSE
	EndGlobalSection
	GlobalSection(ExtensibilityGlobals) = postSolution
		SolutionGuid = {76AC417D-1CFB-4EA8-A2F6-71BF7C597DE2}
	EndGlobalSection
EndGlobal
